<?xml version="1.0" encoding="utf-8"?>
<Project ToolsVersion="4.0" xmlns="http://schemas.microsoft.com/developer/msbuild/2003">
  <ItemGroup>
    <Filter Include="Archivos de código fuente">
      <UniqueIdentifier>{4FC737F1-C7A5-4376-A066-2A32D752A2FF}</UniqueIdentifier>
      <Extensions>cpp;c;cc;cxx;def;odl;idl;hpj;bat;asm;asmx</Extensions>
    </Filter>
    <Filter Include="Archivos de encabezado">
      <UniqueIdentifier>{93995380-89BD-4b04-88EB-625FBE52EBFB}</UniqueIdentifier>
      <Extensions>h;hh;hpp;hxx;hm;inl;inc;xsd</Extensions>
    </Filter>
    <Filter Include="Archivos de recursos">
      <UniqueIdentifier>{67DA6AB6-F800-4c08-8B7A-83BB121AAD01}</UniqueIdentifier>
      <Extensions>rc;ico;cur;bmp;dlg;rc2;rct;bin;rgs;gif;jpg;jpeg;jpe;resx;tiff;tif;png;wav;mfcribbon-ms</Extensions>
    </Filter>
    <Filter Include="Archivos de código fuente\MAIN">
      <UniqueIdentifier>{58b96ab9-9c8c-49d5-a5f7-770f61315fe4}</UniqueIdentifier>
    </Filter>
    <Filter Include="Varios">
      <UniqueIdentifier>{493ba2f1-24b7-489c-9f29-28a994bf697a}</UniqueIdentifier>
    </Filter>
  </ItemGroup>
  <ItemGroup>
    <ClCompile Include="p2Log.cpp">
      <Filter>Archivos de código fuente</Filter>
    </ClCompile>
    <ClCompile Include="p2QuadTree.cpp">
      <Filter>Archivos de código fuente</Filter>
    </ClCompile>
    <ClCompile Include="subStr.cpp">
      <Filter>Archivos de código fuente</Filter>
    </ClCompile>
    <ClCompile Include="main.cpp">
      <Filter>Archivos de código fuente\MAIN</Filter>
    </ClCompile>
  </ItemGroup>
  <ItemGroup>
    <ClInclude Include="p2Assert.h">
      <Filter>Archivos de encabezado</Filter>
    </ClInclude>
    <ClInclude Include="p2Defs.h">
      <Filter>Archivos de encabezado</Filter>
    </ClInclude>
    <ClInclude Include="p2DynArray.h">
      <Filter>Archivos de encabezado</Filter>
    </ClInclude>
    <ClInclude Include="p2List.h">
      <Filter>Archivos de encabezado</Filter>
    </ClInclude>
    <ClInclude Include="p2Log.h">
      <Filter>Archivos de encabezado</Filter>
    </ClInclude>
    <ClInclude Include="p2Point.h">
      <Filter>Archivos de encabezado</Filter>
    </ClInclude>
    <ClInclude Include="p2QuadTree.h">
      <Filter>Archivos de encabezado</Filter>
    </ClInclude>
    <ClInclude Include="p2SString.h">
      <Filter>Archivos de encabezado</Filter>
    </ClInclude>
    <ClInclude Include="p2Rectangle.h">
      <Filter>Archivos de encabezado</Filter>
    </ClInclude>
    <ClInclude Include="p2Stack.h">
      <Filter>Archivos de encabezado</Filter>
    </ClInclude>
    <ClInclude Include="p2Tree.h">
      <Filter>Archivos de encabezado</Filter>
    </ClInclude>
    <ClInclude Include="Tree.h">
      <Filter>Archivos de encabezado</Filter>
    </ClInclude>
    <ClInclude Include="Tree_2.h">
      <Filter>Archivos de encabezado</Filter>
    </ClInclude>
    <ClInclude Include="Examen_Reevaluacion.h">
      <Filter>Varios</Filter>
    </ClInclude>
  </ItemGroup>
</Project>